
Microsoft Visual Studio Solution File, Format Version 12.00
# Visual Studio Version 16
VisualStudioVersion = 16.0.29728.190
MinimumVisualStudioVersion = 10.0.40219.1
Project("{FAE04EC0-301F-11D3-BF4B-00C04F79EFBC}") = "Calculator", "Calculator.csproj", "{1614F0AD-B241-407E-92B6-9B445AE106DA}"
EndProject
Global
	GlobalSection(SolutionConfigurationPlatforms) = preSolution
		Debug|Any CPU = Debug|Any CPU
		Release|Any CPU = Release|Any CPU
	EndGlobalSection
	GlobalSection(ProjectConfigurationPlatforms) = postSolution
		{1614F0AD-B241-407E-92B6-9B445AE106DA}.Debug|Any CPU.ActiveCfg = Debug|Any CPU
		{1614F0AD-B241-407E-92B6-9B445AE106DA}.Debug|Any CPU.Build.0 = Debug|Any CPU
		{1614F0AD-B241-407E-92B6-9B445AE106DA}.Release|Any CPU.ActiveCfg = Release|Any CPU
		{1614F0AD-B241-407E-92B6-9B445AE106DA}.Release|Any CPU.Build.0 = Release|Any CPU
	EndGlobalSection
	GlobalSection(SolutionProperties) = preSolution
		HideSolutionNode = FALSE
	EndGlobalSection
	GlobalSection(ExtensibilityGlobals) = postSolution
		SolutionGuid = {7A82A842-071D-4C5A-A2BF-9DE7CA8CD1E5}
	EndGlobalSection
EndGlobal
